
Microsoft Visual Studio Solution File, Format Version 12.00
# Visual Studio 15
Project("{FAE04EC0-301F-11D3-BF4B-00C04F79EFBC}") = "MoviePage", "MoviePage.csproj", "{4CB47509-46E5-4F5F-B9D4-48965CC0D330}"
EndProject
Project("{E53339B2-1760-4266-BCC7-CA923CBCF16C}") = "docker-compose", "docker-compose.dcproj", "{8C39EC0C-22C7-4E35-8070-B80A147EBA21}"
EndProject
Global
	GlobalSection(SolutionConfigurationPlatforms) = preSolution
		Debug|Any CPU = Debug|Any CPU
		Release|Any CPU = Release|Any CPU
	EndGlobalSection
	GlobalSection(ProjectConfigurationPlatforms) = postSolution
		{4CB47509-46E5-4F5F-B9D4-48965CC0D330}.Debug|Any CPU.ActiveCfg = Debug|Any CPU
		{4CB47509-46E5-4F5F-B9D4-48965CC0D330}.Debug|Any CPU.Build.0 = Debug|Any CPU
		{4CB47509-46E5-4F5F-B9D4-48965CC0D330}.Release|Any CPU.ActiveCfg = Release|Any CPU
		{4CB47509-46E5-4F5F-B9D4-48965CC0D330}.Release|Any CPU.Build.0 = Release|Any CPU
		{8C39EC0C-22C7-4E35-8070-B80A147EBA21}.Debug|Any CPU.ActiveCfg = Debug|Any CPU
		{8C39EC0C-22C7-4E35-8070-B80A147EBA21}.Debug|Any CPU.Build.0 = Debug|Any CPU
		{8C39EC0C-22C7-4E35-8070-B80A147EBA21}.Release|Any CPU.ActiveCfg = Release|Any CPU
		{8C39EC0C-22C7-4E35-8070-B80A147EBA21}.Release|Any CPU.Build.0 = Release|Any CPU
	EndGlobalSection
EndGlobal
